version = 1
revision = 3
requires-python = ">=3.13"

[[package]]
name = "cytoolz"
version = "1.0.1"
source = { registry = "https://pypi.org/simple" }
dependencies = [
    { name = "toolz" },
]
sdist = { url = "https://files.pythonhosted.org/packages/a7/f9/3243eed3a6545c2a33a21f74f655e3fcb5d2192613cd3db81a93369eb339/cytoolz-1.0.1.tar.gz", hash = "sha256:89cc3161b89e1bb3ed7636f74ed2e55984fd35516904fc878cae216e42b2c7d6", size = 626652, upload-time = "2024-12-13T05:47:36.672Z" }
wheels = [
    { url = "https://files.pythonhosted.org/packages/aa/2e/a9f069db0107749e9e72baf6c21abe3f006841a3bcfdc9b8420e22ef31eb/cytoolz-1.0.1-cp313-cp313-macosx_10_13_x86_64.whl", hash = "sha256:6944bb93b287032a4c5ca6879b69bcd07df46f3079cf8393958cf0b0454f50c0", size = 407365, upload-time = "2024-12-13T05:45:52.803Z" },
    { url = "https://files.pythonhosted.org/packages/a9/9b/5e87dd0e31f54c778b4f9f34cc14c1162d3096c8d746b0f8be97d70dd73c/cytoolz-1.0.1-cp313-cp313-macosx_11_0_arm64.whl", hash = "sha256:e027260fd2fc5cb041277158ac294fc13dca640714527219f702fb459a59823a", size = 385233, upload-time = "2024-12-13T05:45:53.994Z" },
    { url = "https://files.pythonhosted.org/packages/63/00/2fd32b16284cdb97cfe092822179bc0c3bcdd5e927dd39f986169a517642/cytoolz-1.0.1-cp313-cp313-manylinux_2_17_aarch64.manylinux2014_aarch64.whl", hash = "sha256:88662c0e07250d26f5af9bc95911e6137e124a5c1ec2ce4a5d74de96718ab242", size = 2062903, upload-time = "2024-12-13T05:45:55.202Z" },
    { url = "https://files.pythonhosted.org/packages/85/39/b3cbb5a9847ba59584a263772ad4f8ca2dbfd2a0e11efd09211d1219804c/cytoolz-1.0.1-cp313-cp313-manylinux_2_17_ppc64le.manylinux2014_ppc64le.whl", hash = "sha256:309dffa78b0961b4c0cf55674b828fbbc793cf2d816277a5c8293c0c16155296", size = 2139517, upload-time = "2024-12-13T05:45:56.804Z" },
    { url = "https://files.pythonhosted.org/packages/ea/39/bfcab4a46d50c467e36fe704f19d8904efead417787806ee210327f68390/cytoolz-1.0.1-cp313-cp313-manylinux_2_17_s390x.manylinux2014_s390x.whl", hash = "sha256:edb34246e6eb40343c5860fc51b24937698e4fa1ee415917a73ad772a9a1746b", size = 2154849, upload-time = "2024-12-13T05:45:58.814Z" },
    { url = "https://files.pythonhosted.org/packages/fd/42/3bc6ee61b0aa47e1cb40819adc1a456d7efa809f0dea9faddacb43fdde8f/cytoolz-1.0.1-cp313-cp313-manylinux_2_17_x86_64.manylinux2014_x86_64.whl", hash = "sha256:0a54da7a8e4348a18d45d4d5bc84af6c716d7f131113a4f1cc45569d37edff1b", size = 2102302, upload-time = "2024-12-13T05:46:00.181Z" },
    { url = "https://files.pythonhosted.org/packages/00/66/3f636c6ddea7b18026b90a8c238af472e423b86e427b11df02213689b012/cytoolz-1.0.1-cp313-cp313-manylinux_2_5_i686.manylinux1_i686.manylinux_2_17_i686.manylinux2014_i686.whl", hash = "sha256:241c679c3b1913c0f7259cf1d9639bed5084c86d0051641d537a0980548aa266", size = 1960872, upload-time = "2024-12-13T05:46:01.612Z" },
    { url = "https://files.pythonhosted.org/packages/40/36/cb3b7cdd651007b69f9c48e9d104cec7cb8dc53afa1d6a720e5ad08022fa/cytoolz-1.0.1-cp313-cp313-musllinux_1_2_aarch64.whl", hash = "sha256:5bfc860251a8f280ac79696fc3343cfc3a7c30b94199e0240b6c9e5b6b01a2a5", size = 2014430, upload-time = "2024-12-13T05:46:03.022Z" },
    { url = "https://files.pythonhosted.org/packages/88/3f/2e9bd2a16cfd269808922147551dcb2d8b68ba54a2c4deca2fa6a6cd0d5f/cytoolz-1.0.1-cp313-cp313-musllinux_1_2_i686.whl", hash = "sha256:c8edd1547014050c1bdad3ff85d25c82bd1c2a3c96830c6181521eb78b9a42b3", size = 2003127, upload-time = "2024-12-13T05:46:04.401Z" },
    { url = "https://files.pythonhosted.org/packages/c4/7d/08604ff940aa784df8343c387fdf2489b948b714a6afb587775ae94da912/cytoolz-1.0.1-cp313-cp313-musllinux_1_2_ppc64le.whl", hash = "sha256:b349bf6162e8de215403d7f35f8a9b4b1853dc2a48e6e1a609a5b1a16868b296", size = 2142369, upload-time = "2024-12-13T05:46:06.004Z" },
    { url = "https://files.pythonhosted.org/packages/d2/c6/39919a0645bdbdf720e97cae107f959ea9d1267fbc3b0d94fc6e1d12ac8f/cytoolz-1.0.1-cp313-cp313-musllinux_1_2_s390x.whl", hash = "sha256:1b18b35256219b6c3dd0fa037741b85d0bea39c552eab0775816e85a52834140", size = 2180427, upload-time = "2024-12-13T05:46:07.526Z" },
    { url = "https://files.pythonhosted.org/packages/d8/03/dbb9d47556ee54337e7e0ac209d17ceff2d2a197c34de08005abc7a7449b/cytoolz-1.0.1-cp313-cp313-musllinux_1_2_x86_64.whl", hash = "sha256:738b2350f340ff8af883eb301054eb724997f795d20d90daec7911c389d61581", size = 2069785, upload-time = "2024-12-13T05:46:10.122Z" },
    { url = "https://files.pythonhosted.org/packages/ea/f8/11bb7b8947002231faae3ec2342df5896afbc19eb783a332cce6d219ff79/cytoolz-1.0.1-cp313-cp313-win32.whl", hash = "sha256:9cbd9c103df54fcca42be55ef40e7baea624ac30ee0b8bf1149f21146d1078d9", size = 320685, upload-time = "2024-12-13T05:46:11.553Z" },
    { url = "https://files.pythonhosted.org/packages/40/eb/dde173cf2357084ca9423950be1f2f11ab11d65d8bd30165bfb8fd4213e9/cytoolz-1.0.1-cp313-cp313-win_amd64.whl", hash = "sha256:90e577e08d3a4308186d9e1ec06876d4756b1e8164b92971c69739ea17e15297", size = 362898, upload-time = "2024-12-13T05:46:12.771Z" },
]

[[package]]
name = "cytoolz-stubs"
version = "0.1.1"
source = { git = "https://github.com/py-stubs/cytoolz-stubs.git#b8121855fccdc0fe6c1846f6b8ddecc289101365" }

[[package]]
name = "polars"
version = "1.32.3"
source = { registry = "https://pypi.org/simple" }
sdist = { url = "https://files.pythonhosted.org/packages/aa/f2/1a76a8bd902bc4942e435a480f362c8687bba60d438ff3283191e38568fa/polars-1.32.3.tar.gz", hash = "sha256:57c500dc1b5cba49b0589034478db031815f3d57a20cb830b05ecee1a9ba56b1", size = 4838448, upload-time = "2025-08-14T17:28:10.702Z" }
wheels = [
    { url = "https://files.pythonhosted.org/packages/4c/9b/5937ab9f8fa49c8e00617aeb817a5ffa5740434d5bb8a90f2afa657875aa/polars-1.32.3-cp39-abi3-macosx_10_12_x86_64.whl", hash = "sha256:c7c472ea1d50a5104079cb64e34f78f85774bcc69b875ba8daf21233f4c70d42", size = 37935794, upload-time = "2025-08-14T17:26:55.565Z" },
    { url = "https://files.pythonhosted.org/packages/6e/e9/88f5332001b9dd5c8e0a4fab51015f740e01715a081c41bc0f7ad2bf76a5/polars-1.32.3-cp39-abi3-macosx_11_0_arm64.whl", hash = "sha256:fd87275f0cc795e72a2030b58293198cfa748d4b009cf52218e27db5397ed07f", size = 34621102, upload-time = "2025-08-14T17:27:00.521Z" },
    { url = "https://files.pythonhosted.org/packages/ab/8a/6f56af7e535c34c95decc8654786bfce4632ba32817dc2f8bad18571ef9a/polars-1.32.3-cp39-abi3-manylinux_2_17_x86_64.manylinux2014_x86_64.whl", hash = "sha256:c9a9b9668ef310e5a77a7e7daa9c753874779c8da52e93f654bfd7953eb4b60b", size = 38443071, upload-time = "2025-08-14T17:27:08.382Z" },
    { url = "https://files.pythonhosted.org/packages/46/aa/63536ea5780edc0ef6850679dc81d519f3966c7bb11a5cf10ccecb541095/polars-1.32.3-cp39-abi3-manylinux_2_24_aarch64.whl", hash = "sha256:c8f5d2f43b80b68e39bfaa2948ce632563633466576f12e74e8560d6481f5851", size = 35639598, upload-time = "2025-08-14T17:27:12.261Z" },
    { url = "https://files.pythonhosted.org/packages/d7/c8/226953cda6cf9ae63aa9714d396a9138029e31db3c504c15d6711b618f8f/polars-1.32.3-cp39-abi3-win_amd64.whl", hash = "sha256:db56a7cb4898e173d62634e182f74bdff744c62be5470e0fe20df8d10f659af7", size = 38038192, upload-time = "2025-08-14T17:27:15.993Z" },
    { url = "https://files.pythonhosted.org/packages/ec/99/6b93c854e602927a778eabd7550204f700cc4e6c07be73372371583dda3e/polars-1.32.3-cp39-abi3-win_arm64.whl", hash = "sha256:a2e3f87c60f54eefe67b1bebd3105918d84df0fd6d59cc6b870c2f16d2d26ca1", size = 34198919, upload-time = "2025-08-14T17:27:21.423Z" },
]

[[package]]
name = "pychain"
version = "0.3.94"
source = { editable = "." }
dependencies = [
    { name = "cytoolz" },
    { name = "cytoolz-stubs" },
    { name = "polars" },
    { name = "toolz" },
]

[package.metadata]
requires-dist = [
    { name = "cytoolz", specifier = ">=1.0.1" },
    { name = "cytoolz-stubs", git = "https://github.com/py-stubs/cytoolz-stubs.git" },
    { name = "polars", specifier = ">=1.32.3" },
    { name = "toolz", specifier = ">=1.0.0" },
]

[[package]]
name = "toolz"
version = "1.0.0"
source = { registry = "https://pypi.org/simple" }
sdist = { url = "https://files.pythonhosted.org/packages/8a/0b/d80dfa675bf592f636d1ea0b835eab4ec8df6e9415d8cfd766df54456123/toolz-1.0.0.tar.gz", hash = "sha256:2c86e3d9a04798ac556793bced838816296a2f085017664e4995cb40a1047a02", size = 66790, upload-time = "2024-10-04T16:17:04.001Z" }
wheels = [
    { url = "https://files.pythonhosted.org/packages/03/98/eb27cc78ad3af8e302c9d8ff4977f5026676e130d28dd7578132a457170c/toolz-1.0.0-py3-none-any.whl", hash = "sha256:292c8f1c4e7516bf9086f8850935c799a874039c8bcf959d47b600e4c44a6236", size = 56383, upload-time = "2024-10-04T16:17:01.533Z" },
]
